
Microsoft Visual Studio Solution File, Format Version 12.00
# Visual Studio 15
VisualStudioVersion = 15.0.27703.2042
MinimumVisualStudioVersion = 10.0.40219.1
Project("{FAE04EC0-301F-11D3-BF4B-00C04F79EFBC}") = "LINQ", "LINQ\LINQ.csproj", "{D80780DD-BF7D-40FC-94C4-4F2F41870769}"
EndProject
Project("{FAE04EC0-301F-11D3-BF4B-00C04F79EFBC}") = "LINQTests", "LINQTests\LINQTests.csproj", "{BBD36DB0-0BF4-4034-91FB-0023EAACB2D4}"
EndProject
Global
	GlobalSection(SolutionConfigurationPlatforms) = preSolution
		Debug|Any CPU = Debug|Any CPU
		Release|Any CPU = Release|Any CPU
	EndGlobalSection
	GlobalSection(ProjectConfigurationPlatforms) = postSolution
		{D80780DD-BF7D-40FC-94C4-4F2F41870769}.Debug|Any CPU.ActiveCfg = Debug|Any CPU
		{D80780DD-BF7D-40FC-94C4-4F2F41870769}.Debug|Any CPU.Build.0 = Debug|Any CPU
		{D80780DD-BF7D-40FC-94C4-4F2F41870769}.Release|Any CPU.ActiveCfg = Release|Any CPU
		{D80780DD-BF7D-40FC-94C4-4F2F41870769}.Release|Any CPU.Build.0 = Release|Any CPU
		{BBD36DB0-0BF4-4034-91FB-0023EAACB2D4}.Debug|Any CPU.ActiveCfg = Debug|Any CPU
		{BBD36DB0-0BF4-4034-91FB-0023EAACB2D4}.Debug|Any CPU.Build.0 = Debug|Any CPU
		{BBD36DB0-0BF4-4034-91FB-0023EAACB2D4}.Release|Any CPU.ActiveCfg = Release|Any CPU
		{BBD36DB0-0BF4-4034-91FB-0023EAACB2D4}.Release|Any CPU.Build.0 = Release|Any CPU
	EndGlobalSection
	GlobalSection(SolutionProperties) = preSolution
		HideSolutionNode = FALSE
	EndGlobalSection
	GlobalSection(ExtensibilityGlobals) = postSolution
		SolutionGuid = {85A8713E-6B06-43EC-96F5-968D14CFF9E1}
	EndGlobalSection
EndGlobal
